# This file is automatically @generated by Cargo.
# It is not intended for manual editing.
[[package]]
name = "adler32"
version = "1.0.0"
source = "registry+https://github.com/rust-lang/crates.io-index"
checksum = "3ff33fe13a08dbce05bcefa2c68eea4844941437e33d6f808240b54d7157b9cd"

[[package]]
name = "aho-corasick"
version = "0.6.0"
source = "registry+https://github.com/rust-lang/crates.io-index"
checksum = "9b1112e9e6d4a66f5f63fbaa520a0bbfe45e63cdd2d13c7ea1660ccc45345073"
dependencies = [
 "memchr 1.0.0",
]

[[package]]
name = "ansi_term"
version = "0.11.0"
source = "registry+https://github.com/rust-lang/crates.io-index"
checksum = "ee49baf6cb617b853aa8d93bf420db2383fab46d314482ca2803b40d5fde979b"
dependencies = [
 "winapi 0.3.4",
]

[[package]]
name = "anyhow"
version = "1.0.0"
source = "registry+https://github.com/rust-lang/crates.io-index"
checksum = "a9ff2deb543832ee7b1a08060c38cc6af5816e96d3fcb6fc2e99bd15634e5c7f"

[[package]]
name = "argon2rs"
version = "0.2.0"
source = "registry+https://github.com/rust-lang/crates.io-index"
checksum = "5d1c8c9784a74b215d2e185ca6ca8fe0171855e3a3b9fe63d08bd4928f940574"
dependencies = [
 "blake2-rfc",
 "crossbeam",
]

[[package]]
name = "async-attributes"
version = "1.1.1"
source = "registry+https://github.com/rust-lang/crates.io-index"
checksum = "efd3d156917d94862e779f356c5acae312b08fd3121e792c857d7928c8088423"
dependencies = [
 "quote 1.0.0",
 "syn 1.0.11",
]

[[package]]
name = "async-pipe"
version = "0.1.3"
source = "git+https://github.com/geigerzaehler/async-pipe-rs?rev=2181aa8800fc3d64d28a238c071d980333ea40c8#2181aa8800fc3d64d28a238c071d980333ea40c8"
dependencies = [
 "futures",
 "log 0.4.8",
 "tokio",
]

[[package]]
name = "async-std"
version = "1.3.0"
source = "registry+https://github.com/rust-lang/crates.io-index"
checksum = "94ef4b71b2f56d7f8793c2a353fa0aa254833c55ab611dc6f3e0bd63db487e2d"
dependencies = [
 "async-attributes",
 "async-task",
 "crossbeam-channel",
 "crossbeam-deque",
 "crossbeam-utils 0.7.0",
 "futures-core",
 "futures-io",
 "futures-timer",
 "kv-log-macro",
 "log 0.4.8",
 "memchr 2.2.1",
 "mio",
 "mio-uds",
 "num_cpus",
 "once_cell",
 "pin-project-lite",
 "pin-utils",
 "slab",
]

[[package]]
name = "async-task"
version = "1.0.0"
source = "registry+https://github.com/rust-lang/crates.io-index"
checksum = "de6bd58f7b9cc49032559422595c81cbfcf04db2f2133592f70af19e258a1ced"
dependencies = [
 "crossbeam-utils 0.6.5",
]

[[package]]
name = "atty"
version = "0.2.2"
source = "registry+https://github.com/rust-lang/crates.io-index"
checksum = "d912da0db7fa85514874458ca3651fe2cddace8d0b0505571dbdcd41ab490159"
dependencies = [
 "kernel32-sys",
 "libc 0.2.54",
 "winapi 0.2.6",
]

[[package]]
name = "autocfg"
version = "0.1.6"
source = "registry+https://github.com/rust-lang/crates.io-index"
checksum = "b671c8fb71b457dd4ae18c4ba1e59aa81793daacc361d82fcd410cef0d491875"

[[package]]
name = "backtrace"
version = "0.3.3"
source = "registry+https://github.com/rust-lang/crates.io-index"
checksum = "99f2ce94e22b8e664d95c57fff45b98a966c2252b60691d0b7aeeccd88d70983"
dependencies = [
 "backtrace-sys",
 "cfg-if",
 "dbghelp-sys",
 "kernel32-sys",
 "libc 0.2.54",
 "rustc-demangle",
 "winapi 0.2.6",
]

[[package]]
name = "backtrace-sys"
version = "0.1.3"
source = "registry+https://github.com/rust-lang/crates.io-index"
checksum = "3216d6e2b2c36c648a78afab0fdcb124d5365f7eb9b0895eab395549d76280d2"
dependencies = [
 "libc 0.2.54",
]

[[package]]
name = "base64"
version = "0.12.0"
source = "registry+https://github.com/rust-lang/crates.io-index"
checksum = "7d5ca2cd0adc3f48f9e9ea5a6bbdf9ccc0bfade884847e484d452414c7ccffb3"

[[package]]
name = "bit-set"
version = "0.5.0"
source = "registry+https://github.com/rust-lang/crates.io-index"
checksum = "6f1efcc46c18245a69c38fcc5cc650f16d3a59d034f3106e9ed63748f695730a"
dependencies = [
 "bit-vec",
]

[[package]]
name = "bit-vec"
version = "0.5.0"
source = "registry+https://github.com/rust-lang/crates.io-index"
checksum = "4440d5cb623bb7390ae27fec0bb6c61111969860f8e3ae198bfa0663645e67cf"

[[package]]
name = "bitflags"
version = "1.0.1"
source = "registry+https://github.com/rust-lang/crates.io-index"
checksum = "b3c30d3802dfb7281680d6285f2ccdaa8c2d8fee41f93805dba5c4cf50dc23cf"

[[package]]
name = "blake2-rfc"
version = "0.2.16"
source = "registry+https://github.com/rust-lang/crates.io-index"
checksum = "38553cfdd987d0221d4845c1e3518a01f7037c0e2d7258cc31ab50787b95191f"
dependencies = [
 "constant_time_eq",
]

[[package]]
name = "byteorder"
version = "1.2.7"
source = "registry+https://github.com/rust-lang/crates.io-index"
checksum = "94f88df23a25417badc922ab0f5716cc1330e87f71ddd9203b3a3ccd9cedf75d"

[[package]]
name = "bytes"
version = "0.5.3"
source = "registry+https://github.com/rust-lang/crates.io-index"
checksum = "10004c15deb332055f7a4a208190aed362cf9a7c2f6ab70a305fba50e1105f38"

[[package]]
name = "c2-chacha"
version = "0.2.2"
source = "registry+https://github.com/rust-lang/crates.io-index"
checksum = "7d64d04786e0f528460fc884753cf8dddcc466be308f6026f8e355c41a0e4101"
dependencies = [
 "lazy_static",
 "ppv-lite86",
]

[[package]]
name = "cc"
version = "1.0.0"
source = "registry+https://github.com/rust-lang/crates.io-index"
checksum = "7db2f146208d7e0fbee761b09cd65a7f51ccc38705d4e7262dad4d73b12a76b1"

[[package]]
name = "cfg-if"
version = "0.1.9"
source = "registry+https://github.com/rust-lang/crates.io-index"
checksum = "b486ce3ccf7ffd79fdeb678eac06a9e6c09fc88d33836340becb8fffe87c5e33"

[[package]]
name = "chashmap"
version = "2.2.2"
source = "registry+https://github.com/rust-lang/crates.io-index"
checksum = "ff41a3c2c1e39921b9003de14bf0439c7b63a9039637c291e1a64925d8ddfa45"
dependencies = [
 "owning_ref",
 "parking_lot",
]

[[package]]
name = "chrono"
version = "0.4.1"
source = "registry+https://github.com/rust-lang/crates.io-index"
checksum = "ba5f60682a4c264e7f8d77b82e7788938a76befdf949d4a98026d19099c9d873"
dependencies = [
 "num-integer",
 "num-traits 0.2.2",
 "time",
]

[[package]]
name = "clap"
version = "2.33.0"
source = "registry+https://github.com/rust-lang/crates.io-index"
checksum = "5067f5bb2d80ef5d68b4c87db81601f0b75bca627bc2ef76b141d7b846a3c6d9"
dependencies = [
 "ansi_term",
 "atty",
 "bitflags",
 "strsim",
 "textwrap",
 "unicode-width",
 "vec_map",
]

[[package]]
name = "cloudabi"
version = "0.0.3"
source = "registry+https://github.com/rust-lang/crates.io-index"
checksum = "ddfc5b9aa5d4507acaf872de71051dfd0e309860e88966e1051e462a077aac4f"
dependencies = [
 "bitflags",
]

[[package]]
name = "constant_time_eq"
version = "0.1.0"
source = "registry+https://github.com/rust-lang/crates.io-index"
checksum = "b652d338c702a0269fe4215df0139805d280a8445051d0ce37b4b8a7dc9be4f0"

[[package]]
name = "crc32fast"
version = "1.0.1"
source = "registry+https://github.com/rust-lang/crates.io-index"
checksum = "d9e689429a0eb4cb3ca1af86f750475c2d2181c591e12ab553aa3b7a014eb225"
dependencies = [
 "rustc_version",
]

[[package]]
name = "crossbeam"
version = "0.2.5"
source = "registry+https://github.com/rust-lang/crates.io-index"
checksum = "43a558c7c39a3fc4944bae53a27a553e5e54e349243b08a26a868a110f74616a"

[[package]]
name = "crossbeam-channel"
version = "0.4.0"
source = "registry+https://github.com/rust-lang/crates.io-index"
checksum = "acec9a3b0b3559f15aee4f90746c4e5e293b701c0f7d3925d24e01645267b68c"
dependencies = [
 "crossbeam-utils 0.7.0",
]

[[package]]
name = "crossbeam-deque"
version = "0.7.2"
source = "registry+https://github.com/rust-lang/crates.io-index"
checksum = "c3aa945d63861bfe624b55d153a39684da1e8c0bc8fba932f7ee3a3c16cea3ca"
dependencies = [
 "crossbeam-epoch",
 "crossbeam-utils 0.7.0",
]

[[package]]
name = "crossbeam-epoch"
version = "0.8.0"
source = "registry+https://github.com/rust-lang/crates.io-index"
checksum = "5064ebdbf05ce3cb95e45c8b086f72263f4166b29b97f6baff7ef7fe047b55ac"
dependencies = [
 "autocfg",
 "cfg-if",
 "crossbeam-utils 0.7.0",
 "lazy_static",
 "memoffset",
 "scopeguard",
]

[[package]]
name = "crossbeam-utils"
version = "0.6.5"
source = "registry+https://github.com/rust-lang/crates.io-index"
checksum = "f8306fcef4a7b563b76b7dd949ca48f52bc1141aa067d2ea09565f3e2652aa5c"
dependencies = [
 "cfg-if",
 "lazy_static",
]

[[package]]
name = "crossbeam-utils"
version = "0.7.0"
source = "registry+https://github.com/rust-lang/crates.io-index"
checksum = "ce446db02cdc3165b94ae73111e570793400d0794e46125cc4056c81cbb039f4"
dependencies = [
 "autocfg",
 "cfg-if",
 "lazy_static",
]

[[package]]
name = "dbghelp-sys"
version = "0.2.0"
source = "registry+https://github.com/rust-lang/crates.io-index"
checksum = "97590ba53bcb8ac28279161ca943a924d1fd4a8fb3fa63302591647c4fc5b850"
dependencies = [
 "winapi 0.2.6",
 "winapi-build",
]

[[package]]
name = "dirs"
version = "3.0.0"
source = "registry+https://github.com/rust-lang/crates.io-index"
checksum = "2fddc3610d8f9552384e06ebc87f714e1d0b2b64a99194d2faf36d7ae5f48549"
dependencies = [
 "cfg-if",
 "dirs-sys",
]

[[package]]
name = "dirs-sys"
version = "0.3.5"
source = "registry+https://github.com/rust-lang/crates.io-index"
checksum = "8e93d7f5705de3e49895a2b5e0b8855a1c27f080192ae9c32a6432d50741a57a"
dependencies = [
 "libc 0.2.54",
 "redox_users",
 "winapi 0.3.4",
]

[[package]]
name = "dtoa"
version = "0.4.0"
source = "registry+https://github.com/rust-lang/crates.io-index"
checksum = "5edd69c67b2f8e0911629b7e6b8a34cb3956613cd7c6e6414966dee349c2db4f"

[[package]]
name = "duplexify"
version = "1.0.0"
source = "registry+https://github.com/rust-lang/crates.io-index"
checksum = "33252e5e0b17f4a6ed2281a5af564b7bf605f1ae6b6d9638bd2777f6ec6e2171"
dependencies = [
 "async-std",
 "pin-project-lite",
]

[[package]]
name = "failure"
version = "0.1.1"
source = "registry+https://github.com/rust-lang/crates.io-index"
checksum = "934799b6c1de475a012a02dab0ace1ace43789ee4b99bcfbf1a2e3e8ced5de82"
dependencies = [
 "backtrace",
 "failure_derive",
]

[[package]]
name = "failure_derive"
version = "0.1.1"
source = "registry+https://github.com/rust-lang/crates.io-index"
checksum = "c7cdda555bb90c9bb67a3b670a0f42de8e73f5981524123ad8578aafec8ddb8b"
dependencies = [
 "quote 0.3.15",
 "syn 0.11.11",
 "synstructure",
]

[[package]]
name = "filetime"
version = "0.2.8"
source = "registry+https://github.com/rust-lang/crates.io-index"
checksum = "1ff6d4dab0aa0c8e6346d46052e93b13a16cf847b54ed357087c35011048cc7d"
dependencies = [
 "cfg-if",
 "libc 0.2.54",
 "redox_syscall",
 "winapi 0.3.4",
]

[[package]]
name = "fnv"
version = "1.0.0"
source = "registry+https://github.com/rust-lang/crates.io-index"
checksum = "23c5f769d0418837c08fc1fafc29a25baebe21b7eb4e3149db11c37a2019d74c"

[[package]]
name = "fuchsia-zircon"
version = "0.3.2"
source = "registry+https://github.com/rust-lang/crates.io-index"
checksum = "bd510087c325af53ba24f3be8f1c081b0982319adcb8b03cad764512923ccc19"
dependencies = [
 "bitflags",
 "fuchsia-zircon-sys",
]

[[package]]
name = "fuchsia-zircon-sys"
version = "0.3.2"
source = "registry+https://github.com/rust-lang/crates.io-index"
checksum = "08b3a6f13ad6b96572b53ce7af74543132f1a7055ccceb6d073dd36c54481859"

[[package]]
name = "futures"
version = "0.3.0"
source = "registry+https://github.com/rust-lang/crates.io-index"
checksum = "98fcd817da24593c8e88e1be8a8d7371d87f777285b9324634e4f05d2c1dc266"
dependencies = [
 "futures-channel",
 "futures-core",
 "futures-executor",
 "futures-io",
 "futures-sink",
 "futures-task",
 "futures-util",
]

[[package]]
name = "futures-channel"
version = "0.3.0"
source = "registry+https://github.com/rust-lang/crates.io-index"
checksum = "d3f9d78ee44e3067fa297c8c2c2313b98d014be8a3783387c500b50d7b769603"
dependencies = [
 "futures-core",
 "futures-sink",
]

[[package]]
name = "futures-core"
version = "0.3.1"
source = "registry+https://github.com/rust-lang/crates.io-index"
checksum = "79564c427afefab1dfb3298535b21eda083ef7935b4f0ecbfcb121f0aec10866"

[[package]]
name = "futures-executor"
version = "0.3.0"
source = "registry+https://github.com/rust-lang/crates.io-index"
checksum = "e36969e0468b1725a2db2930039be052459f40a8aa00070c02de8ceb3673c100"
dependencies = [
 "futures-core",
 "futures-task",
 "futures-util",
]

[[package]]
name = "futures-io"
version = "0.3.1"
source = "registry+https://github.com/rust-lang/crates.io-index"
checksum = "e676577d229e70952ab25f3945795ba5b16d63ca794ca9d2c860e5595d20b5ff"

[[package]]
name = "futures-macro"
version = "0.3.0"
source = "registry+https://github.com/rust-lang/crates.io-index"
checksum = "e7c97ef88dd44b07643c0667d3cfdac3bb6d8ca96940df755934e0c94047d1ac"
dependencies = [
 "proc-macro-hack",
 "proc-macro2 1.0.0",
 "quote 1.0.0",
 "syn 1.0.11",
]

[[package]]
name = "futures-sink"
version = "0.3.0"
source = "registry+https://github.com/rust-lang/crates.io-index"
checksum = "346db18b3daf3e81f94023cd628230a01f34b1e64c5849f2a8308e678e1a21de"

[[package]]
name = "futures-task"
version = "0.3.0"
source = "registry+https://github.com/rust-lang/crates.io-index"
checksum = "e4ace133f7db73ad31e358cf07b495e45dd767c552f321602b8158da059359a2"

[[package]]
name = "futures-timer"
version = "2.0.2"
source = "registry+https://github.com/rust-lang/crates.io-index"
checksum = "a1de7508b218029b0f01662ed8f61b1c964b3ae99d6f25462d0f55a595109df6"

[[package]]
name = "futures-util"
version = "0.3.0"
source = "registry+https://github.com/rust-lang/crates.io-index"
checksum = "ef4c1d6c4ceb5fcff9e8d84d76bc20ed918c61d64fe68325c0c3b611b3d9cffe"
dependencies = [
 "futures-channel",
 "futures-core",
 "futures-io",
 "futures-macro",
 "futures-sink",
 "futures-task",
 "memchr 2.2.1",
 "pin-utils",
 "proc-macro-hack",
 "proc-macro-nested",
 "slab",
]

[[package]]
name = "getrandom"
version = "0.1.4"
source = "registry+https://github.com/rust-lang/crates.io-index"
checksum = "82d68102e030c3d41969bb76ebf55ed731fd946a0a91e0fa7e02f6392cc6db21"
dependencies = [
 "lazy_static",
 "libc 0.2.54",
]

[[package]]
name = "heck"
version = "0.3.0"
source = "registry+https://github.com/rust-lang/crates.io-index"
checksum = "ea04fa3ead4e05e51a7c806fc07271fdbde4e246a6c6d1efd52e72230b771b82"
dependencies = [
 "unicode-segmentation",
]

[[package]]
name = "hermit-abi"
version = "0.1.3"
source = "registry+https://github.com/rust-lang/crates.io-index"
checksum = "307c3c9f937f38e3534b1d6447ecf090cafcc9744e4a6360e8b037b2cf5af120"
dependencies = [
 "libc 0.2.54",
]

[[package]]
name = "iovec"
version = "0.1.1"
source = "registry+https://github.com/rust-lang/crates.io-index"
checksum = "b6e8b9c2247fcf6c6a1151f1156932be5606c9fd6f55a2d7f9fc1cb29386b2f7"
dependencies = [
 "libc 0.2.54",
 "winapi 0.2.6",
]

[[package]]
name = "itoa"
version = "0.3.0"
source = "registry+https://github.com/rust-lang/crates.io-index"
checksum = "91fd9dc2c587067de817fec4ad355e3818c3d893a78cab32a0a474c7a15bb8d5"

[[package]]
name = "kernel32-sys"
version = "0.2.0"
source = "registry+https://github.com/rust-lang/crates.io-index"
checksum = "ad1ca084b49bfd975182288e1a5f1d27ea34ff2d6ae084ae5e66e1652427eada"
dependencies = [
 "winapi 0.2.6",
 "winapi-build",
]

[[package]]
name = "kv-log-macro"
version = "1.0.4"
source = "registry+https://github.com/rust-lang/crates.io-index"
checksum = "8c54d9f465d530a752e6ebdc217e081a7a614b48cb200f6f0aee21ba6bc9aabb"
dependencies = [
 "log 0.4.8",
]

[[package]]
name = "lazy_static"
version = "1.3.0"
source = "registry+https://github.com/rust-lang/crates.io-index"
checksum = "bc5729f27f159ddd61f4df6228e827e86643d4d3e7c32183cb30a1c08f604a14"
dependencies = [
 "spin",
]

[[package]]
name = "libc"
version = "0.1.1"
source = "registry+https://github.com/rust-lang/crates.io-index"
checksum = "a2b2cedc8d50557005b2a6bb62e0f56b00f1aaaa2c4d3c67e9fe538b0c33d368"

[[package]]
name = "libc"
version = "0.2.54"
source = "registry+https://github.com/rust-lang/crates.io-index"
checksum = "c6785aa7dd976f5fbf3b71cfd9cd49d7f783c1ff565a858d71031c6c313aa5c6"

[[package]]
name = "libflate"
version = "0.1.27"
source = "registry+https://github.com/rust-lang/crates.io-index"
checksum = "d9135df43b1f5d0e333385cb6e7897ecd1a43d7d11b91ac003f4d2c2d2401fdd"
dependencies = [
 "adler32",
 "crc32fast",
 "rle-decode-fast",
 "take_mut",
]

[[package]]
name = "libsodium-sys"
version = "0.2.5"
source = "registry+https://github.com/rust-lang/crates.io-index"
checksum = "1c344ff12b90ef8fa1f0fffacd348c1fd041db331841fec9eab23fdb991f5e73"
dependencies = [
 "cc",
 "libc 0.2.54",
 "libflate",
 "pkg-config",
 "tar",
 "vcpkg",
]

[[package]]
name = "log"
version = "0.3.0"
source = "registry+https://github.com/rust-lang/crates.io-index"
checksum = "0b2b224ebf7a4745d17092755d196ea731205e68d6d8e9987015131434725594"
dependencies = [
 "libc 0.1.1",
]

[[package]]
name = "log"
version = "0.4.8"
source = "registry+https://github.com/rust-lang/crates.io-index"
checksum = "14b6052be84e6b71ab17edffc2eeabf5c2c3ae1fdb464aae35ac50c67a44e1f7"
dependencies = [
 "cfg-if",
]

[[package]]
name = "matchers"
version = "0.0.1"
source = "registry+https://github.com/rust-lang/crates.io-index"
checksum = "f099785f7595cc4b4553a174ce30dd7589ef93391ff414dbb67f62392b9e0ce1"
dependencies = [
 "regex-automata",
]

[[package]]
name = "memchr"
version = "1.0.0"
source = "registry+https://github.com/rust-lang/crates.io-index"
checksum = "7492849298f0731c393b1f34ce03a7c84c00bead2e7057db9342907c8fdcae28"
dependencies = [
 "libc 0.2.54",
]

[[package]]
name = "memchr"
version = "2.2.1"
source = "registry+https://github.com/rust-lang/crates.io-index"
checksum = "88579771288728879b57485cc7d6b07d648c9f0141eb955f8ab7f9d45394468e"

[[package]]
name = "memoffset"
version = "0.5.0"
source = "registry+https://github.com/rust-lang/crates.io-index"
checksum = "dea4bf2ae5c6a9c64c2ba12b0c5a73b2e24d9aa205a1c3e1cdd7d0c0c1bfe3b2"
dependencies = [
 "rustc_version",
]

[[package]]
name = "mio"
version = "0.6.19"
source = "registry+https://github.com/rust-lang/crates.io-index"
checksum = "83f51996a3ed004ef184e16818edc51fadffe8e7ca68be67f9dee67d84d0ff23"
dependencies = [
 "fuchsia-zircon",
 "fuchsia-zircon-sys",
 "iovec",
 "kernel32-sys",
 "libc 0.2.54",
 "log 0.4.8",
 "miow",
 "net2",
 "slab",
 "winapi 0.2.6",
]

[[package]]
name = "mio-uds"
version = "0.6.7"
source = "registry+https://github.com/rust-lang/crates.io-index"
checksum = "966257a94e196b11bb43aca423754d87429960a768de9414f3691d6957abf125"
dependencies = [
 "iovec",
 "libc 0.2.54",
 "mio",
]

[[package]]
name = "miow"
version = "0.2.1"
source = "registry+https://github.com/rust-lang/crates.io-index"
checksum = "8c1f2f3b1cf331de6896aabf6e9d55dca90356cc9960cca7eaaf408a355ae919"
dependencies = [
 "kernel32-sys",
 "net2",
 "winapi 0.2.6",
 "ws2_32-sys",
]

[[package]]
name = "net2"
version = "0.2.29"
source = "registry+https://github.com/rust-lang/crates.io-index"
checksum = "bc01404e7568680f1259aa5729539f221cb1e6d047a0d9053cab4be8a73b5d67"
dependencies = [
 "cfg-if",
 "kernel32-sys",
 "libc 0.2.54",
 "winapi 0.2.6",
 "ws2_32-sys",
]

[[package]]
name = "num-integer"
version = "0.1.36"
source = "registry+https://github.com/rust-lang/crates.io-index"
checksum = "f8d26da319fb45674985c78f1d1caf99aa4941f785d384a2ae36d0740bc3e2fe"
dependencies = [
 "num-traits 0.2.2",
]

[[package]]
name = "num-traits"
version = "0.1.32"
source = "registry+https://github.com/rust-lang/crates.io-index"
checksum = "51eab148f171aefad295f8cece636fc488b9b392ef544da31ea4b8ef6b9e9c39"

[[package]]
name = "num-traits"
version = "0.2.2"
source = "registry+https://github.com/rust-lang/crates.io-index"
checksum = "dee092fcdf725aee04dd7da1d21debff559237d49ef1cb3e69bcb8ece44c7364"

[[package]]
name = "num_cpus"
version = "1.11.1"
source = "registry+https://github.com/rust-lang/crates.io-index"
checksum = "76dac5ed2a876980778b8b85f75a71b6cbf0db0b1232ee12f826bccb00d09d72"
dependencies = [
 "hermit-abi",
 "libc 0.2.54",
]

[[package]]
name = "once_cell"
version = "1.2.0"
source = "registry+https://github.com/rust-lang/crates.io-index"
checksum = "891f486f630e5c5a4916c7e16c4b24a53e78c860b646e9f8e005e4f16847bfed"

[[package]]
name = "owning_ref"
version = "0.3.0"
source = "registry+https://github.com/rust-lang/crates.io-index"
checksum = "3daca42e7030e3f0fcbbaa0d6b2f4ca9115256a7926750fa43b137c1c865b87e"

[[package]]
name = "parking_lot"
version = "0.4.0"
source = "registry+https://github.com/rust-lang/crates.io-index"
checksum = "aebb68eebde2c99f89592d925288600fde220177e46b5c9a91ca218d245aeedf"
dependencies = [
 "owning_ref",
 "parking_lot_core",
 "thread-id",
]

[[package]]
name = "parking_lot_core"
version = "0.2.0"
source = "registry+https://github.com/rust-lang/crates.io-index"
checksum = "fb1b97670a2ffadce7c397fb80a3d687c4f3060140b885621ef1653d0e5d5068"
dependencies = [
 "kernel32-sys",
 "libc 0.2.54",
 "rand 0.3.0",
 "smallvec 0.1.0",
 "winapi 0.2.6",
]

[[package]]
name = "pin-project"
version = "0.4.4"
source = "registry+https://github.com/rust-lang/crates.io-index"
checksum = "562cc58f3e865231cf1fa1760097159a642018f5953ffbfe4f2df2ef72bf0d90"
dependencies = [
 "pin-project-internal",
]

[[package]]
name = "pin-project-internal"
version = "0.4.4"
source = "registry+https://github.com/rust-lang/crates.io-index"
checksum = "21a5bc357e14eb5cc61f4e24867b3aec66b850d83ea830beffa2244ad7a97f1e"
dependencies = [
 "proc-macro2 1.0.0",
 "quote 1.0.0",
 "syn 1.0.11",
]

[[package]]
name = "pin-project-lite"
version = "0.1.1"
source = "registry+https://github.com/rust-lang/crates.io-index"
checksum = "f0af6cbca0e6e3ce8692ee19fb8d734b641899e07b68eb73e9bbbd32f1703991"

[[package]]
name = "pin-utils"
version = "0.1.0-alpha.4"
source = "registry+https://github.com/rust-lang/crates.io-index"
checksum = "5894c618ce612a3fa23881b152b608bafb8c56cfc22f434a3ba3120b40f7b587"

[[package]]
name = "pkg-config"
version = "0.3.18"
source = "registry+https://github.com/rust-lang/crates.io-index"
checksum = "d36492546b6af1463394d46f0c834346f31548646f6ba10849802c9c9a27ac33"

[[package]]
name = "ppv-lite86"
version = "0.2.2"
source = "registry+https://github.com/rust-lang/crates.io-index"
checksum = "fe1c37e6347ad1a8351171bee25a92342401f8cd550f76e153724e765ac76bca"

[[package]]
name = "proc-macro-error"
version = "0.2.0"
source = "registry+https://github.com/rust-lang/crates.io-index"
checksum = "0b5127cadb7667b00c24680b1672dfbaf9fbc5bd5889f1085b385fe950da9613"
dependencies = [
 "proc-macro2 1.0.0",
 "quote 1.0.0",
 "syn 1.0.11",
]

[[package]]
name = "proc-macro-hack"
version = "0.5.9"
source = "registry+https://github.com/rust-lang/crates.io-index"
checksum = "e688f31d92ffd7c1ddc57a1b4e6d773c0f2a14ee437a4b0a4f5a69c80eb221c8"
dependencies = [
 "proc-macro2 1.0.0",
 "quote 1.0.0",
 "syn 1.0.11",
]

[[package]]
name = "proc-macro-nested"
version = "0.1.2"
source = "registry+https://github.com/rust-lang/crates.io-index"
checksum = "e9968e025d6368d1273a93bc23051e30dbf5482475e716d7385d8ec8fbd5b5b6"

[[package]]
name = "proc-macro2"
version = "0.4.4"
source = "registry+https://github.com/rust-lang/crates.io-index"
checksum = "1fa93823f53cfd0f5ac117b189aed6cfdfb2cfc0a9d82e956dd7927595ed7d46"
dependencies = [
 "unicode-xid 0.1.0",
]

[[package]]
name = "proc-macro2"
version = "1.0.0"
source = "registry+https://github.com/rust-lang/crates.io-index"
checksum = "19f287c234c9b2d0308d692dee5c449c1a171167a6f8150f7cf2a49d8fd96967"
dependencies = [
 "unicode-xid 0.2.0",
]

[[package]]
name = "proptest"
version = "0.10.0"
source = "git+https://github.com/thomaseizinger/proptest?rev=215589dd021b16b2f0a7e71426a299d7c38a19ae#215589dd021b16b2f0a7e71426a299d7c38a19ae"
dependencies = [
 "bit-set",
 "bitflags",
 "byteorder",
 "lazy_static",
 "num-traits 0.2.2",
 "quick-error",
 "rand 0.7.0",
 "rand_chacha",
 "rand_xorshift",
 "regex-syntax",
 "rusty-fork",
 "tempfile",
]

[[package]]
name = "proptest"
version = "0.10.0"
source = "registry+https://github.com/rust-lang/crates.io-index"
checksum = "2520fe6373cf6a3a61e2d200e987c183778ade8d9248ac3e6614ab0edfe4a0c1"
dependencies = [
 "bit-set",
 "bitflags",
 "byteorder",
 "lazy_static",
 "num-traits 0.2.2",
 "quick-error",
 "rand 0.7.0",
 "rand_chacha",
 "rand_xorshift",
 "regex-syntax",
 "rusty-fork",
 "tempfile",
]

[[package]]
name = "proptest-attributes"
version = "0.1.0"
source = "git+https://github.com/thomaseizinger/proptest?rev=215589dd021b16b2f0a7e71426a299d7c38a19ae#215589dd021b16b2f0a7e71426a299d7c38a19ae"
dependencies = [
 "proc-macro2 1.0.0",
 "proptest 0.10.0 (git+https://github.com/thomaseizinger/proptest?rev=215589dd021b16b2f0a7e71426a299d7c38a19ae)",
 "quote 1.0.0",
 "syn 1.0.11",
]

[[package]]
name = "proptest-derive"
version = "0.2.0"
source = "registry+https://github.com/rust-lang/crates.io-index"
checksum = "051d9d20dbe9e9dfe594328b6eaab72ccf571fee818991dd1c1ba5469b5f32d4"
dependencies = [
 "proc-macro2 0.4.4",
 "quote 0.6.0",
 "syn 0.15.17",
]

[[package]]
name = "quick-error"
version = "1.2.1"
source = "registry+https://github.com/rust-lang/crates.io-index"
checksum = "eda5fe9b71976e62bc81b781206aaa076401769b2143379d3eb2118388babac4"

[[package]]
name = "quote"
version = "0.3.15"
source = "registry+https://github.com/rust-lang/crates.io-index"
checksum = "7a6e920b65c65f10b2ae65c831a81a073a89edd28c7cce89475bff467ab4167a"

[[package]]
name = "quote"
version = "0.6.0"
source = "registry+https://github.com/rust-lang/crates.io-index"
checksum = "b925e6c90a6272d38f6a2f87b3ee68760bc1db9572f8f93dbbb25429fb9e7fe3"
dependencies = [
 "proc-macro2 0.4.4",
]

[[package]]
name = "quote"
version = "1.0.0"
source = "registry+https://github.com/rust-lang/crates.io-index"
checksum = "7ab938ebe6f1c82426b5fb82eaf10c3e3028c53deaa3fbe38f5904b37cf4d767"
dependencies = [
 "proc-macro2 1.0.0",
]

[[package]]
name = "rand"
version = "0.3.0"
source = "registry+https://github.com/rust-lang/crates.io-index"
checksum = "3cf4775b9343739293be5509eace6b92934f960eee13f499c4aef2fd6264e0be"
dependencies = [
 "libc 0.1.1",
 "log 0.3.0",
]

[[package]]
name = "rand"
version = "0.4.1"
source = "registry+https://github.com/rust-lang/crates.io-index"
checksum = "9d5f78082e6a6d042862611e9640cf20776185fee506cf6cf67e93c6225cee31"
dependencies = [
 "fuchsia-zircon",
 "libc 0.2.54",
]

[[package]]
name = "rand"
version = "0.7.0"
source = "registry+https://github.com/rust-lang/crates.io-index"
checksum = "d47eab0e83d9693d40f825f86948aa16eff6750ead4bdffc4ab95b8b3a7f052c"
dependencies = [
 "getrandom",
 "libc 0.2.54",
 "rand_chacha",
 "rand_core 0.5.0",
 "rand_hc",
]

[[package]]
name = "rand_chacha"
version = "0.2.0"
source = "registry+https://github.com/rust-lang/crates.io-index"
checksum = "e193067942ef6f485a349a113329140d0ab9e2168ce92274499bb0e9a4190d9d"
dependencies = [
 "autocfg",
 "c2-chacha",
 "rand_core 0.5.0",
]

[[package]]
name = "rand_core"
version = "0.3.0"
source = "registry+https://github.com/rust-lang/crates.io-index"
checksum = "0905b6b7079ec73b314d4c748701f6931eb79fd97c668caa3f1899b22b32c6db"

[[package]]
name = "rand_core"
version = "0.5.0"
source = "registry+https://github.com/rust-lang/crates.io-index"
checksum = "615e683324e75af5d43d8f7a39ffe3ee4a9dc42c5c701167a71dc59c3a493aca"
dependencies = [
 "getrandom",
]

[[package]]
name = "rand_hc"
version = "0.2.0"
source = "registry+https://github.com/rust-lang/crates.io-index"
checksum = "ca3129af7b92a17112d59ad498c6f81eaf463253766b90396d39ea7a39d6613c"
dependencies = [
 "rand_core 0.5.0",
]

[[package]]
name = "rand_os"
version = "0.1.0"
source = "registry+https://github.com/rust-lang/crates.io-index"
checksum = "de5ac4de1c2973e1391dc305cb0fbf8788cb58068e98255439b7485a77022273"
dependencies = [
 "cloudabi",
 "fuchsia-zircon",
 "libc 0.2.54",
 "rand_core 0.3.0",
 "winapi 0.3.4",
]

[[package]]
name = "rand_xorshift"
version = "0.2.0"
source = "registry+https://github.com/rust-lang/crates.io-index"
checksum = "77d416b86801d23dde1aa643023b775c3a462efc0ed96443add11546cdf1dca8"
dependencies = [
 "rand_core 0.5.0",
]

[[package]]
name = "redox_syscall"
version = "0.1.0"
source = "registry+https://github.com/rust-lang/crates.io-index"
checksum = "35a48131ab10dbeb17202bd1dcb9c9798963a58a50c9ec31640f237358832094"

[[package]]
name = "redox_users"
version = "0.3.0"
source = "registry+https://github.com/rust-lang/crates.io-index"
checksum = "3fe5204c3a17e97dde73f285d49be585df59ed84b50a872baf416e73b62c3828"
dependencies = [
 "argon2rs",
 "failure",
 "rand_os",
 "redox_syscall",
]

[[package]]
name = "regex"
version = "1.0.0"
source = "registry+https://github.com/rust-lang/crates.io-index"
checksum = "75ecf88252dce580404a22444fc7d626c01815debba56a7f4f536772a5ff19d3"
dependencies = [
 "aho-corasick",
 "memchr 2.2.1",
 "regex-syntax",
 "thread_local",
 "utf8-ranges",
]

[[package]]
name = "regex-automata"
version = "0.1.0"
source = "registry+https://github.com/rust-lang/crates.io-index"
checksum = "72457500f2cf948feb4efccaeb460570c8f66ee5ba33c936bb4bfaa628d71853"
dependencies = [
 "byteorder",
 "regex-syntax",
 "utf8-ranges",
]

[[package]]
name = "regex-syntax"
version = "0.6.4"
source = "registry+https://github.com/rust-lang/crates.io-index"
checksum = "4e47a2ed29da7a9e1960e1639e7a982e6edc6d49be308a3b02daf511504a16d1"
dependencies = [
 "ucd-util",
]

[[package]]
name = "remove_dir_all"
version = "0.5.0"
source = "registry+https://github.com/rust-lang/crates.io-index"
checksum = "dfc5b3ce5d5ea144bb04ebd093a9e14e9765bcfec866aecda9b6dec43b3d1e24"
dependencies = [
 "winapi 0.3.4",
]

[[package]]
name = "rle-decode-fast"
version = "1.0.0"
source = "registry+https://github.com/rust-lang/crates.io-index"
checksum = "afd1e4090d0859205156ca6332939fb4f06370e4862c088d01e76721ed9afd76"

[[package]]
name = "rustc-demangle"
version = "0.1.4"
source = "registry+https://github.com/rust-lang/crates.io-index"
checksum = "3058a43ada2c2d0b92b3ae38007a2d0fa5e9db971be260e0171408a4ff471c95"

[[package]]
name = "rustc_version"
version = "0.2.3"
source = "registry+https://github.com/rust-lang/crates.io-index"
checksum = "138e3e0acb6c9fb258b19b67cb8abd63c00679d2851805ea151465464fe9030a"
dependencies = [
 "semver",
]

[[package]]
name = "rusty-fork"
version = "0.3.0"
source = "registry+https://github.com/rust-lang/crates.io-index"
checksum = "cb3dcc6e454c328bb824492db107ab7c0ae8fcffe4ad210136ef014458c1bc4f"
dependencies = [
 "fnv",
 "quick-error",
 "tempfile",
 "wait-timeout",
]

[[package]]
name = "scopeguard"
version = "1.0.0"
source = "registry+https://github.com/rust-lang/crates.io-index"
checksum = "b42e15e59b18a828bbf5c58ea01debb36b9b096346de35d941dcb89009f24a0d"

[[package]]
name = "semver"
version = "0.9.0"
source = "registry+https://github.com/rust-lang/crates.io-index"
checksum = "1d7eb9ef2c18661902cc47e535f9bc51b78acd254da71d375c2f6720d9a40403"
dependencies = [
 "semver-parser",
]

[[package]]
name = "semver-parser"
version = "0.7.0"
source = "registry+https://github.com/rust-lang/crates.io-index"
checksum = "388a1df253eca08550bef6c72392cfe7c30914bf41df5269b68cbd6ff8f570a3"

[[package]]
name = "serde"
version = "1.0.59"
source = "registry+https://github.com/rust-lang/crates.io-index"
checksum = "2a4d976362a13caad61c38cf841401d2d4d480496a9391c3842c288b01f9de95"
dependencies = [
 "serde_derive",
]

[[package]]
name = "serde_derive"
version = "1.0.0"
source = "registry+https://github.com/rust-lang/crates.io-index"
checksum = "6a61ecb8511aaff381424f98b49a059017420ec60e15e8d63b645701af7fa9b8"
dependencies = [
 "quote 0.3.15",
 "serde_derive_internals",
 "syn 0.11.11",
]

[[package]]
name = "serde_derive_internals"
version = "0.15.0"
source = "registry+https://github.com/rust-lang/crates.io-index"
checksum = "021c338d22c7e30f957a6ab7e388cb6098499dda9fd4ba1661ee074ca7a180d1"
dependencies = [
 "syn 0.11.11",
 "synom",
]

[[package]]
name = "serde_json"
version = "1.0.0"
source = "registry+https://github.com/rust-lang/crates.io-index"
checksum = "e9b1ec939469a124b27e208106550c38358ed4334d2b1b5b3825bc1ee37d946a"
dependencies = [
 "dtoa",
 "itoa",
 "num-traits 0.1.32",
 "serde",
]

[[package]]
name = "sharded-slab"
version = "0.0.8"
source = "registry+https://github.com/rust-lang/crates.io-index"
checksum = "ae75d0445b5d3778c9da3d1f840faa16d0627c8607f78a74daf69e5b988c39a1"
dependencies = [
 "lazy_static",
]

[[package]]
name = "slab"
version = "0.4.2"
source = "registry+https://github.com/rust-lang/crates.io-index"
checksum = "c111b5bd5695e56cffe5129854aa230b39c93a305372fdbb2668ca2394eea9f8"

[[package]]
name = "smallvec"
version = "0.1.0"
source = "registry+https://github.com/rust-lang/crates.io-index"
checksum = "541ac5acba6d256edf2d802cf6485bd4a88669dc151866d6bfbcb3be533ea78f"

[[package]]
name = "smallvec"
version = "1.0.0"
source = "registry+https://github.com/rust-lang/crates.io-index"
checksum = "4ecf3b85f68e8abaa7555aa5abdb1153079387e60b718283d732f03897fcfc86"

[[package]]
name = "sodiumoxide"
version = "0.2.5"
source = "registry+https://github.com/rust-lang/crates.io-index"
checksum = "585232e78a4fc18133eef9946d3080befdf68b906c51b621531c37e91787fa2b"
dependencies = [
 "libc 0.2.54",
 "libsodium-sys",
 "serde",
]

[[package]]
name = "spin"
version = "0.5.0"
source = "registry+https://github.com/rust-lang/crates.io-index"
checksum = "44363f6f51401c34e7be73db0db371c04705d35efbe9f7d6082e03a921a32c55"

[[package]]
name = "ssb"
version = "0.0.0"
dependencies = [
 "anyhow",
 "async-pipe",
 "async-std",
 "base64",
 "bytes",
 "chashmap",
 "chrono",
 "dirs",
 "duplexify",
 "futures",
 "libflate",
 "libsodium-sys",
 "pin-project",
 "pkg-config",
 "proptest 0.10.0 (registry+https://github.com/rust-lang/crates.io-index)",
 "proptest-attributes",
 "proptest-derive",
 "serde",
 "serde_json",
 "sodiumoxide",
 "structopt",
 "tar",
 "thiserror",
 "tracing",
 "tracing-subscriber",
]

[[package]]
name = "strsim"
version = "0.8.0"
source = "registry+https://github.com/rust-lang/crates.io-index"
checksum = "8ea5119cdb4c55b55d432abb513a0429384878c15dde60cc77b1c99de1a95a6a"

[[package]]
name = "structopt"
version = "0.3.0"
source = "registry+https://github.com/rust-lang/crates.io-index"
checksum = "48399718b3ad695558b979b08a9056a5272ec573cd3070f5ca34165bd4a5bf35"
dependencies = [
 "clap",
 "structopt-derive",
]

[[package]]
name = "structopt-derive"
version = "0.3.0"
source = "registry+https://github.com/rust-lang/crates.io-index"
checksum = "2558075232402034384db060831349fb2d1303479593177cc84c25febbebbc6d"
dependencies = [
 "heck",
 "proc-macro-error",
 "proc-macro2 1.0.0",
 "quote 1.0.0",
 "syn 1.0.11",
]

[[package]]
name = "syn"
version = "0.11.11"
source = "registry+https://github.com/rust-lang/crates.io-index"
checksum = "d3b891b9015c88c576343b9b3e41c2c11a51c219ef067b264bd9c8aa9b441dad"
dependencies = [
 "quote 0.3.15",
 "synom",
 "unicode-xid 0.0.4",
]

[[package]]
name = "syn"
version = "0.15.17"
source = "registry+https://github.com/rust-lang/crates.io-index"
checksum = "3391038ebc3e4ab24eb028cb0ef2f2dc4ba0cbf72ee895ed6a6fad730640b5bc"
dependencies = [
 "proc-macro2 0.4.4",
 "quote 0.6.0",
 "unicode-xid 0.1.0",
]

[[package]]
name = "syn"
version = "1.0.11"
source = "registry+https://github.com/rust-lang/crates.io-index"
checksum = "dff0acdb207ae2fe6d5976617f887eb1e35a2ba52c13c7234c790960cdad9238"
dependencies = [
 "proc-macro2 1.0.0",
 "quote 1.0.0",
 "unicode-xid 0.2.0",
]

[[package]]
name = "synom"
version = "0.11.0"
source = "registry+https://github.com/rust-lang/crates.io-index"
checksum = "8fece1853fb872b0acdc3ff88f37c474018e125ef81cd4cb8c0ca515746b62ed"
dependencies = [
 "unicode-xid 0.0.4",
]

[[package]]
name = "synstructure"
version = "0.6.0"
source = "registry+https://github.com/rust-lang/crates.io-index"
checksum = "51fa8ce41ed22c8dc2baa435a3c721b0d2b7e7dc6e5460822ea7689e6a640a22"
dependencies = [
 "quote 0.3.15",
 "syn 0.11.11",
]

[[package]]
name = "take_mut"
version = "0.2.2"
source = "registry+https://github.com/rust-lang/crates.io-index"
checksum = "f764005d11ee5f36500a149ace24e00e3da98b0158b3e2d53a7495660d3f4d60"

[[package]]
name = "tar"
version = "0.4.29"
source = "registry+https://github.com/rust-lang/crates.io-index"
checksum = "c8a4c1d0bee3230179544336c15eefb563cf0302955d962e456542323e8c2e8a"
dependencies = [
 "filetime",
 "libc 0.2.54",
 "redox_syscall",
 "xattr",
]

[[package]]
name = "tempfile"
version = "3.0.2"
source = "registry+https://github.com/rust-lang/crates.io-index"
checksum = "47776f63b85777d984a50ce49d6b9e58826b6a3766a449fc95bc66cd5663c15b"
dependencies = [
 "libc 0.2.54",
 "rand 0.4.1",
 "redox_syscall",
 "remove_dir_all",
 "winapi 0.3.4",
]

[[package]]
name = "textwrap"
version = "0.11.0"
source = "registry+https://github.com/rust-lang/crates.io-index"
checksum = "d326610f408c7a4eb6f51c37c330e496b08506c9457c9d34287ecc38809fb060"
dependencies = [
 "unicode-width",
]

[[package]]
name = "thiserror"
version = "1.0.7"
source = "registry+https://github.com/rust-lang/crates.io-index"
checksum = "a6e37992ba0f05f3aa079be7f453c91b55d15a01a7aad202baa9c6fa48c3e6b5"
dependencies = [
 "thiserror-impl",
]

[[package]]
name = "thiserror-impl"
version = "1.0.7"
source = "registry+https://github.com/rust-lang/crates.io-index"
checksum = "0f3308bffe57639095bdb057e73850afecf2730c3b5539af96e6ae096644f4db"
dependencies = [
 "proc-macro2 1.0.0",
 "quote 1.0.0",
 "syn 1.0.11",
]

[[package]]
name = "thread-id"
version = "3.3.0"
source = "registry+https://github.com/rust-lang/crates.io-index"
checksum = "c7fbf4c9d56b320106cd64fd024dadfa0be7cb4706725fc44a7d7ce952d820c1"
dependencies = [
 "libc 0.2.54",
 "redox_syscall",
 "winapi 0.3.4",
]

[[package]]
name = "thread_local"
version = "0.3.2"
source = "registry+https://github.com/rust-lang/crates.io-index"
checksum = "7793b722f0f77ce716e7f1acf416359ca32ff24d04ffbac4269f44a4a83be05d"
dependencies = [
 "thread-id",
 "unreachable",
]

[[package]]
name = "time"
version = "0.1.36"
source = "registry+https://github.com/rust-lang/crates.io-index"
checksum = "211b63c112206356ef1ff9b19355f43740fc3f85960c598a93d3a3d3ba7beade"
dependencies = [
 "kernel32-sys",
 "libc 0.2.54",
 "redox_syscall",
 "winapi 0.2.6",
]

[[package]]
name = "tokio"
version = "0.2.0"
source = "registry+https://github.com/rust-lang/crates.io-index"
checksum = "b5f74af90f3137ddcda0750d904390b289793c40fce7b6e94600b367533205d8"
dependencies = [
 "bytes",
 "pin-project-lite",
]

[[package]]
name = "tracing"
version = "0.1.0"
source = "registry+https://github.com/rust-lang/crates.io-index"
checksum = "ff6ff2664f0b91870d297cd3e51be6980057273998844578fb392487cb93cfc1"
dependencies = [
 "cfg-if",
 "tracing-core",
]

[[package]]
name = "tracing-core"
version = "0.1.2"
source = "registry+https://github.com/rust-lang/crates.io-index"
checksum = "b15b1e1f124b19a23d87d54613077bf5249e5f13a5cd39e2f2a50afef938ca05"
dependencies = [
 "lazy_static",
]

[[package]]
name = "tracing-log"
version = "0.1.1"
source = "registry+https://github.com/rust-lang/crates.io-index"
checksum = "5e0f8c7178e13481ff6765bd169b33e8d554c5d2bbede5e32c356194be02b9b9"
dependencies = [
 "lazy_static",
 "log 0.4.8",
 "tracing-core",
]

[[package]]
name = "tracing-serde"
version = "0.1.0"
source = "registry+https://github.com/rust-lang/crates.io-index"
checksum = "d65dea8255e378ab7db9db2077a90cb3e051515e18eaa819a405c4eb129b9beb"
dependencies = [
 "serde",
 "tracing-core",
]

[[package]]
name = "tracing-subscriber"
version = "0.2.0"
source = "registry+https://github.com/rust-lang/crates.io-index"
checksum = "25dc36e47794112347ccb9ae8a05b5ec4fab45f01545e4929323cdb1a543a8f4"
dependencies = [
 "ansi_term",
 "chrono",
 "lazy_static",
 "matchers",
 "regex",
 "serde",
 "serde_json",
 "sharded-slab",
 "smallvec 1.0.0",
 "tracing-core",
 "tracing-log",
 "tracing-serde",
]

[[package]]
name = "ucd-util"
version = "0.1.0"
source = "registry+https://github.com/rust-lang/crates.io-index"
checksum = "3ac9567e27ca9fc45bac22f987fd62547b0ac65d2e6502dfc09cdab7dbdba31f"

[[package]]
name = "unicode-segmentation"
version = "1.2.0"
source = "registry+https://github.com/rust-lang/crates.io-index"
checksum = "a8083c594e02b8ae1654ae26f0ade5158b119bd88ad0e8227a5d8fcd72407946"

[[package]]
name = "unicode-width"
version = "0.1.4"
source = "registry+https://github.com/rust-lang/crates.io-index"
checksum = "bf3a113775714a22dcb774d8ea3655c53a32debae63a063acc00a91cc586245f"

[[package]]
name = "unicode-xid"
version = "0.0.4"
source = "registry+https://github.com/rust-lang/crates.io-index"
checksum = "8c1f860d7d29cf02cb2f3f359fd35991af3d30bac52c57d265a3c461074cb4dc"

[[package]]
name = "unicode-xid"
version = "0.1.0"
source = "registry+https://github.com/rust-lang/crates.io-index"
checksum = "fc72304796d0818e357ead4e000d19c9c174ab23dc11093ac919054d20a6a7fc"

[[package]]
name = "unicode-xid"
version = "0.2.0"
source = "registry+https://github.com/rust-lang/crates.io-index"
checksum = "826e7639553986605ec5979c7dd957c7895e93eabed50ab2ffa7f6128a75097c"

[[package]]
name = "unreachable"
version = "0.1.0"
source = "registry+https://github.com/rust-lang/crates.io-index"
checksum = "ba6ca90cbc7fe966c80afab0e8677f09bc157da39eb5bd54084e0d0ce2433777"
dependencies = [
 "void",
]

[[package]]
name = "utf8-ranges"
version = "1.0.0"
source = "registry+https://github.com/rust-lang/crates.io-index"
checksum = "662fab6525a98beff2921d7f61a39e7d59e0b425ebc7d0d9e66d316e55124122"

[[package]]
name = "vcpkg"
version = "0.2.0"
source = "registry+https://github.com/rust-lang/crates.io-index"
checksum = "df74ff70e2ced9607f67e06640f89a6a6374b459b51bdef290a5cfa657fe4fcc"

[[package]]
name = "vec_map"
version = "0.8.0"
source = "registry+https://github.com/rust-lang/crates.io-index"
checksum = "887b5b631c2ad01628bbbaa7dd4c869f80d3186688f8d0b6f58774fbe324988c"

[[package]]
name = "void"
version = "1.0.0"
source = "registry+https://github.com/rust-lang/crates.io-index"
checksum = "9190d4fdcc6b93d290236afff590896050a971233ec853958c0e52d42bdeb72c"

[[package]]
name = "wait-timeout"
version = "0.2.0"
source = "registry+https://github.com/rust-lang/crates.io-index"
checksum = "9f200f5b12eb75f8c1ed65abd4b2db8a6e1b138a20de009dacee265a2498f3f6"
dependencies = [
 "libc 0.2.54",
]

[[package]]
name = "winapi"
version = "0.2.6"
source = "registry+https://github.com/rust-lang/crates.io-index"
checksum = "4dfaaa8fbdaa618fa6914b59b2769d690dd7521920a18d84b42d254678dd5fd4"

[[package]]
name = "winapi"
version = "0.3.4"
source = "registry+https://github.com/rust-lang/crates.io-index"
checksum = "04e3bd221fcbe8a271359c04f21a76db7d0c6028862d1bb5512d85e1e2eb5bb3"
dependencies = [
 "winapi-i686-pc-windows-gnu",
 "winapi-x86_64-pc-windows-gnu",
]

[[package]]
name = "winapi-build"
version = "0.1.1"
source = "registry+https://github.com/rust-lang/crates.io-index"
checksum = "2d315eee3b34aca4797b2da6b13ed88266e6d612562a0c46390af8299fc699bc"

[[package]]
name = "winapi-i686-pc-windows-gnu"
version = "0.4.0"
source = "registry+https://github.com/rust-lang/crates.io-index"
checksum = "ac3b87c63620426dd9b991e5ce0329eff545bccbbb34f3be09ff6fb6ab51b7b6"

[[package]]
name = "winapi-x86_64-pc-windows-gnu"
version = "0.4.0"
source = "registry+https://github.com/rust-lang/crates.io-index"
checksum = "712e227841d057c1ee1cd2fb22fa7e5a5461ae8e48fa2ca79ec42cfc1931183f"

[[package]]
name = "ws2_32-sys"
version = "0.2.0"
source = "registry+https://github.com/rust-lang/crates.io-index"
checksum = "ee5f6c385b5f769b6e6104dce4d46dbb582d4bca1e7db77157766381636ee9d8"
dependencies = [
 "winapi 0.2.6",
 "winapi-build",
]

[[package]]
name = "xattr"
version = "0.2.0"
source = "registry+https://github.com/rust-lang/crates.io-index"
checksum = "f20ed92d3af1dcee2ab0b8f167c2ce4865e5a4fa174656c9432d77bda446e11d"
dependencies = [
 "libc 0.2.54",
]
